
Microsoft Visual Studio Solution File, Format Version 12.00
# Visual Studio 15
VisualStudioVersion = 15.0.28307.1169
MinimumVisualStudioVersion = 10.0.40219.1
Project("{9A19103F-16F7-4668-BE54-9A1E7A4F7556}") = "NiboWebApp", "NiboWebApp\NiboWebApp.csproj", "{23417634-E022-424E-A71E-0678E2EEB32C}"
EndProject
Project("{FAE04EC0-301F-11D3-BF4B-00C04F79EFBC}") = "Business", "Business\Business.csproj", "{DAFEB986-6C75-4AEA-B7D3-0C4B364CE7DE}"
EndProject
Project("{FAE04EC0-301F-11D3-BF4B-00C04F79EFBC}") = "Common", "Common\Common.csproj", "{D6CBE190-E6B1-4B31-9F19-E9A74D27DA2F}"
EndProject
Global
	GlobalSection(SolutionConfigurationPlatforms) = preSolution
		Debug|Any CPU = Debug|Any CPU
		Release|Any CPU = Release|Any CPU
	EndGlobalSection
	GlobalSection(ProjectConfigurationPlatforms) = postSolution
		{23417634-E022-424E-A71E-0678E2EEB32C}.Debug|Any CPU.ActiveCfg = Debug|Any CPU
		{23417634-E022-424E-A71E-0678E2EEB32C}.Debug|Any CPU.Build.0 = Debug|Any CPU
		{23417634-E022-424E-A71E-0678E2EEB32C}.Release|Any CPU.ActiveCfg = Release|Any CPU
		{23417634-E022-424E-A71E-0678E2EEB32C}.Release|Any CPU.Build.0 = Release|Any CPU
		{DAFEB986-6C75-4AEA-B7D3-0C4B364CE7DE}.Debug|Any CPU.ActiveCfg = Debug|Any CPU
		{DAFEB986-6C75-4AEA-B7D3-0C4B364CE7DE}.Debug|Any CPU.Build.0 = Debug|Any CPU
		{DAFEB986-6C75-4AEA-B7D3-0C4B364CE7DE}.Release|Any CPU.ActiveCfg = Release|Any CPU
		{DAFEB986-6C75-4AEA-B7D3-0C4B364CE7DE}.Release|Any CPU.Build.0 = Release|Any CPU
		{D6CBE190-E6B1-4B31-9F19-E9A74D27DA2F}.Debug|Any CPU.ActiveCfg = Debug|Any CPU
		{D6CBE190-E6B1-4B31-9F19-E9A74D27DA2F}.Debug|Any CPU.Build.0 = Debug|Any CPU
		{D6CBE190-E6B1-4B31-9F19-E9A74D27DA2F}.Release|Any CPU.ActiveCfg = Release|Any CPU
		{D6CBE190-E6B1-4B31-9F19-E9A74D27DA2F}.Release|Any CPU.Build.0 = Release|Any CPU
	EndGlobalSection
	GlobalSection(SolutionProperties) = preSolution
		HideSolutionNode = FALSE
	EndGlobalSection
	GlobalSection(ExtensibilityGlobals) = postSolution
		SolutionGuid = {5492396E-3923-451E-B642-059DAA93D840}
	EndGlobalSection
EndGlobal
